// !$*UTF8*$!
{
	archiveVersion = 1;
	classes = {
	};
	objectVersion = 50;
	objects = {

/* Begin PBXBuildFile section */
		37850E5320DE24BD00BDA64A /* AppDelegate.swift in Sources */ = {isa = PBXBuildFile; fileRef = 37850E5220DE24BD00BDA64A /* AppDelegate.swift */; };
		37850E5520DE24BD00BDA64A /* ViewController.swift in Sources */ = {isa = PBXBuildFile; fileRef = 37850E5420DE24BD00BDA64A /* ViewController.swift */; };
		37850E5820DE24BD00BDA64A /* Main.storyboard in Resources */ = {isa = PBXBuildFile; fileRef = 37850E5620DE24BD00BDA64A /* Main.storyboard */; };
		37850E5A20DE24C100BDA64A /* Assets.xcassets in Resources */ = {isa = PBXBuildFile; fileRef = 37850E5920DE24C100BDA64A /* Assets.xcassets */; };
		37850E5D20DE24C100BDA64A /* LaunchScreen.storyboard in Resources */ = {isa = PBXBuildFile; fileRef = 37850E5B20DE24C100BDA64A /* LaunchScreen.storyboard */; };
		37850E7920DE265E00BDA64A /* Default-568h@2x.png in Resources */ = {isa = PBXBuildFile; fileRef = 37850E7820DE265E00BDA64A /* Default-568h@2x.png */; };
		37850E7B20DFB95E00BDA64A /* ConversionBrain.swift in Sources */ = {isa = PBXBuildFile; fileRef = 37850E7A20DFB95E00BDA64A /* ConversionBrain.swift */; };
		37850E7D20DFB9AB00BDA64A /* ConversionBrainTestCase.swift in Sources */ = {isa = PBXBuildFile; fileRef = 37850E7C20DFB9AB00BDA64A /* ConversionBrainTestCase.swift */; };
/* End PBXBuildFile section */

/* Begin PBXContainerItemProxy section */
		37850E6420DE24C100BDA64A /* PBXContainerItemProxy */ = {
			isa = PBXContainerItemProxy;
			containerPortal = 37850E4720DE24BC00BDA64A /* Project object */;
			proxyType = 1;
			remoteGlobalIDString = 37850E4E20DE24BD00BDA64A;
			remoteInfo = TravelerKit;
		};
/* End PBXContainerItemProxy section */

/* Begin PBXFileReference section */
		37850E4F20DE24BD00BDA64A /* TravelerKit.app */ = {isa = PBXFileReference; explicitFileType = wrapper.application; includeInIndex = 0; path = TravelerKit.app; sourceTree = BUILT_PRODUCTS_DIR; };
		37850E5220DE24BD00BDA64A /* AppDelegate.swift */ = {isa = PBXFileReference; lastKnownFileType = sourcecode.swift; path = AppDelegate.swift; sourceTree = "<group>"; };
		37850E5420DE24BD00BDA64A /* ViewController.swift */ = {isa = PBXFileReference; lastKnownFileType = sourcecode.swift; path = ViewController.swift; sourceTree = "<group>"; };
		37850E5720DE24BD00BDA64A /* Base */ = {isa = PBXFileReference; lastKnownFileType = file.storyboard; name = Base; path = Base.lproj/Main.storyboard; sourceTree = "<group>"; };
		37850E5920DE24C100BDA64A /* Assets.xcassets */ = {isa = PBXFileReference; lastKnownFileType = folder.assetcatalog; path = Assets.xcassets; sourceTree = "<group>"; };
		37850E5C20DE24C100BDA64A /* Base */ = {isa = PBXFileReference; lastKnownFileType = file.storyboard; name = Base; path = Base.lproj/LaunchScreen.storyboard; sourceTree = "<group>"; };
		37850E5E20DE24C100BDA64A /* Info.plist */ = {isa = PBXFileReference; lastKnownFileType = text.plist.xml; path = Info.plist; sourceTree = "<group>"; };
		37850E6320DE24C100BDA64A /* TravelerKitTests.xctest */ = {isa = PBXFileReference; explicitFileType = wrapper.cfbundle; includeInIndex = 0; path = TravelerKitTests.xctest; sourceTree = BUILT_PRODUCTS_DIR; };
		37850E6920DE24C100BDA64A /* Info.plist */ = {isa = PBXFileReference; lastKnownFileType = text.plist.xml; path = Info.plist; sourceTree = "<group>"; };
		37850E7820DE265E00BDA64A /* Default-568h@2x.png */ = {isa = PBXFileReference; lastKnownFileType = image.png; path = "Default-568h@2x.png"; sourceTree = "<group>"; };
		37850E7A20DFB95E00BDA64A /* ConversionBrain.swift */ = {isa = PBXFileReference; lastKnownFileType = sourcecode.swift; path = ConversionBrain.swift; sourceTree = "<group>"; };
		37850E7C20DFB9AB00BDA64A /* ConversionBrainTestCase.swift */ = {isa = PBXFileReference; lastKnownFileType = sourcecode.swift; path = ConversionBrainTestCase.swift; sourceTree = "<group>"; };
/* End PBXFileReference section */

/* Begin PBXFrameworksBuildPhase section */
		37850E4C20DE24BD00BDA64A /* Frameworks */ = {
			isa = PBXFrameworksBuildPhase;
			buildActionMask = 2147483647;
			files = (
			);
			runOnlyForDeploymentPostprocessing = 0;
		};
		37850E6020DE24C100BDA64A /* Frameworks */ = {
			isa = PBXFrameworksBuildPhase;
			buildActionMask = 2147483647;
			files = (
			);
			runOnlyForDeploymentPostprocessing = 0;
		};
/* End PBXFrameworksBuildPhase section */

/* Begin PBXGroup section */
		37850E4620DE24BC00BDA64A = {
			isa = PBXGroup;
			children = (
				37850E7820DE265E00BDA64A /* Default-568h@2x.png */,
				37850E5120DE24BD00BDA64A /* TravelerKit */,
				37850E6620DE24C100BDA64A /* TravelerKitTests */,
				37850E5020DE24BD00BDA64A /* Products */,
			);
			sourceTree = "<group>";
		};
		37850E5020DE24BD00BDA64A /* Products */ = {
			isa = PBXGroup;
			children = (
				37850E4F20DE24BD00BDA64A /* TravelerKit.app */,
				37850E6320DE24C100BDA64A /* TravelerKitTests.xctest */,
			);
			name = Products;
			sourceTree = "<group>";
		};
		37850E5120DE24BD00BDA64A /* TravelerKit */ = {
			isa = PBXGroup;
			children = (
				37850E7720DE25E400BDA64A /* Model */,
				37850E7420DE25BC00BDA64A /* SupportingFiles */,
				37850E7520DE25CE00BDA64A /* Controller */,
				37850E7620DE25D800BDA64A /* View */,
			);
			path = TravelerKit;
			sourceTree = "<group>";
		};
		37850E6620DE24C100BDA64A /* TravelerKitTests */ = {
			isa = PBXGroup;
			children = (
				37850E6920DE24C100BDA64A /* Info.plist */,
				37850E7C20DFB9AB00BDA64A /* ConversionBrainTestCase.swift */,
			);
			path = TravelerKitTests;
			sourceTree = "<group>";
		};
		37850E7420DE25BC00BDA64A /* SupportingFiles */ = {
			isa = PBXGroup;
			children = (
				37850E5220DE24BD00BDA64A /* AppDelegate.swift */,
				37850E5920DE24C100BDA64A /* Assets.xcassets */,
				37850E5B20DE24C100BDA64A /* LaunchScreen.storyboard */,
				37850E5E20DE24C100BDA64A /* Info.plist */,
			);
			path = SupportingFiles;
			sourceTree = "<group>";
		};
		37850E7520DE25CE00BDA64A /* Controller */ = {
			isa = PBXGroup;
			children = (
				37850E5420DE24BD00BDA64A /* ViewController.swift */,
			);
			path = Controller;
			sourceTree = "<group>";
		};
		37850E7620DE25D800BDA64A /* View */ = {
			isa = PBXGroup;
			children = (
				37850E5620DE24BD00BDA64A /* Main.storyboard */,
			);
			path = View;
			sourceTree = "<group>";
		};
		37850E7720DE25E400BDA64A /* Model */ = {
			isa = PBXGroup;
			children = (
				37850E7A20DFB95E00BDA64A /* ConversionBrain.swift */,
			);
			path = Model;
			sourceTree = "<group>";
		};
/* End PBXGroup section */

/* Begin PBXNativeTarget section */
		37850E4E20DE24BD00BDA64A /* TravelerKit */ = {
			isa = PBXNativeTarget;
			buildConfigurationList = 37850E6C20DE24C100BDA64A /* Build configuration list for PBXNativeTarget "TravelerKit" */;
			buildPhases = (
				37850E4B20DE24BD00BDA64A /* Sources */,
				37850E4C20DE24BD00BDA64A /* Frameworks */,
				37850E4D20DE24BD00BDA64A /* Resources */,
				37850E7320DE258F00BDA64A /* ShellScript */,
			);
			buildRules = (
			);
			dependencies = (
			);
			name = TravelerKit;
			productName = TravelerKit;
			productReference = 37850E4F20DE24BD00BDA64A /* TravelerKit.app */;
			productType = "com.apple.product-type.application";
		};
		37850E6220DE24C100BDA64A /* TravelerKitTests */ = {
			isa = PBXNativeTarget;
			buildConfigurationList = 37850E6F20DE24C100BDA64A /* Build configuration list for PBXNativeTarget "TravelerKitTests" */;
			buildPhases = (
				37850E5F20DE24C100BDA64A /* Sources */,
				37850E6020DE24C100BDA64A /* Frameworks */,
				37850E6120DE24C100BDA64A /* Resources */,
			);
			buildRules = (
			);
			dependencies = (
				37850E6520DE24C100BDA64A /* PBXTargetDependency */,
			);
			name = TravelerKitTests;
			productName = TravelerKitTests;
			productReference = 37850E6320DE24C100BDA64A /* TravelerKitTests.xctest */;
			productType = "com.apple.product-type.bundle.unit-test";
		};
/* End PBXNativeTarget section */

/* Begin PBXProject section */
		37850E4720DE24BC00BDA64A /* Project object */ = {
			isa = PBXProject;
			attributes = {
				LastSwiftUpdateCheck = 0940;
				LastUpgradeCheck = 0940;
				ORGANIZATIONNAME = "De knyf Gregory";
				TargetAttributes = {
					37850E4E20DE24BD00BDA64A = {
						CreatedOnToolsVersion = 9.4.1;
					};
					37850E6220DE24C100BDA64A = {
						CreatedOnToolsVersion = 9.4.1;
						LastSwiftMigration = 0940;
						TestTargetID = 37850E4E20DE24BD00BDA64A;
					};
				};
			};
			buildConfigurationList = 37850E4A20DE24BC00BDA64A /* Build configuration list for PBXProject "TravelerKit" */;
			compatibilityVersion = "Xcode 9.3";
			developmentRegion = en;
			hasScannedForEncodings = 0;
			knownRegions = (
				en,
				Base,
			);
			mainGroup = 37850E4620DE24BC00BDA64A;
			productRefGroup = 37850E5020DE24BD00BDA64A /* Products */;
			projectDirPath = "";
			projectRoot = "";
			targets = (
				37850E4E20DE24BD00BDA64A /* TravelerKit */,
				37850E6220DE24C100BDA64A /* TravelerKitTests */,
			);
		};
/* End PBXProject section */

/* Begin PBXResourcesBuildPhase section */
		37850E4D20DE24BD00BDA64A /* Resources */ = {
			isa = PBXResourcesBuildPhase;
			buildActionMask = 2147483647;
			files = (
				37850E5D20DE24C100BDA64A /* LaunchScreen.storyboard in Resources */,
				37850E7920DE265E00BDA64A /* Default-568h@2x.png in Resources */,
				37850E5A20DE24C100BDA64A /* Assets.xcassets in Resources */,
				37850E5820DE24BD00BDA64A /* Main.storyboard in Resources */,
			);
			runOnlyForDeploymentPostprocessing = 0;
		};
		37850E6120DE24C100BDA64A /* Resources */ = {
			isa = PBXResourcesBuildPhase;
			buildActionMask = 2147483647;
			files = (
			);
			runOnlyForDeploymentPostprocessing = 0;
		};
/* End PBXResourcesBuildPhase section */

/* Begin PBXShellScriptBuildPhase section */
		37850E7320DE258F00BDA64A /* ShellScript */ = {
			isa = PBXShellScriptBuildPhase;
			buildActionMask = 2147483647;
			files = (
			);
			inputPaths = (
			);
			outputPaths = (
			);
			runOnlyForDeploymentPostprocessing = 0;
			shellPath = /bin/sh;
			shellScript = "if which swiftlint >/dev/null; then\nswiftlint\nelse\necho \"warning: SwiftLint not installed, download from https://github.com/realm/SwiftLint\"\nfi";
		};
/* End PBXShellScriptBuildPhase section */

/* Begin PBXSourcesBuildPhase section */
		37850E4B20DE24BD00BDA64A /* Sources */ = {
			isa = PBXSourcesBuildPhase;
			buildActionMask = 2147483647;
			files = (
				37850E7B20DFB95E00BDA64A /* ConversionBrain.swift in Sources */,
				37850E5520DE24BD00BDA64A /* ViewController.swift in Sources */,
				37850E5320DE24BD00BDA64A /* AppDelegate.swift in Sources */,
			);
			runOnlyForDeploymentPostprocessing = 0;
		};
		37850E5F20DE24C100BDA64A /* Sources */ = {
			isa = PBXSourcesBuildPhase;
			buildActionMask = 2147483647;
			files = (
				37850E7D20DFB9AB00BDA64A /* ConversionBrainTestCase.swift in Sources */,
			);
			runOnlyForDeploymentPostprocessing = 0;
		};
/* End PBXSourcesBuildPhase section */

/* Begin PBXTargetDependency section */
		37850E6520DE24C100BDA64A /* PBXTargetDependency */ = {
			isa = PBXTargetDependency;
			target = 37850E4E20DE24BD00BDA64A /* TravelerKit */;
			targetProxy = 37850E6420DE24C100BDA64A /* PBXContainerItemProxy */;
		};
/* End PBXTargetDependency section */

/* Begin PBXVariantGroup section */
		37850E5620DE24BD00BDA64A /* Main.storyboard */ = {
			isa = PBXVariantGroup;
			children = (
				37850E5720DE24BD00BDA64A /* Base */,
			);
			name = Main.storyboard;
			sourceTree = "<group>";
		};
		37850E5B20DE24C100BDA64A /* LaunchScreen.storyboard */ = {
			isa = PBXVariantGroup;
			children = (
				37850E5C20DE24C100BDA64A /* Base */,
			);
			name = LaunchScreen.storyboard;
			sourceTree = "<group>";
		};
/* End PBXVariantGroup section */

/* Begin XCBuildConfiguration section */
		37850E6A20DE24C100BDA64A /* Debug */ = {
			isa = XCBuildConfiguration;
			buildSettings = {
				ALWAYS_SEARCH_USER_PATHS = NO;
				CLANG_ANALYZER_NONNULL = YES;
				CLANG_ANALYZER_NUMBER_OBJECT_CONVERSION = YES_AGGRESSIVE;
				CLANG_CXX_LANGUAGE_STANDARD = "gnu++14";
				CLANG_CXX_LIBRARY = "libc++";
				CLANG_ENABLE_MODULES = YES;
				CLANG_ENABLE_OBJC_ARC = YES;
				CLANG_ENABLE_OBJC_WEAK = YES;
				CLANG_WARN_BLOCK_CAPTURE_AUTORELEASING = YES;
				CLANG_WARN_BOOL_CONVERSION = YES;
				CLANG_WARN_COMMA = YES;
				CLANG_WARN_CONSTANT_CONVERSION = YES;
				CLANG_WARN_DEPRECATED_OBJC_IMPLEMENTATIONS = YES;
				CLANG_WARN_DIRECT_OBJC_ISA_USAGE = YES_ERROR;
				CLANG_WARN_DOCUMENTATION_COMMENTS = YES;
				CLANG_WARN_EMPTY_BODY = YES;
				CLANG_WARN_ENUM_CONVERSION = YES;
				CLANG_WARN_INFINITE_RECURSION = YES;
				CLANG_WARN_INT_CONVERSION = YES;
				CLANG_WARN_NON_LITERAL_NULL_CONVERSION = YES;
				CLANG_WARN_OBJC_IMPLICIT_RETAIN_SELF = YES;
				CLANG_WARN_OBJC_LITERAL_CONVERSION = YES;
				CLANG_WARN_OBJC_ROOT_CLASS = YES_ERROR;
				CLANG_WARN_RANGE_LOOP_ANALYSIS = YES;
				CLANG_WARN_STRICT_PROTOTYPES = YES;
				CLANG_WARN_SUSPICIOUS_MOVE = YES;
				CLANG_WARN_UNGUARDED_AVAILABILITY = YES_AGGRESSIVE;
				CLANG_WARN_UNREACHABLE_CODE = YES;
				CLANG_WARN__DUPLICATE_METHOD_MATCH = YES;
				CODE_SIGN_IDENTITY = "iPhone Developer";
				COPY_PHASE_STRIP = NO;
				DEBUG_INFORMATION_FORMAT = dwarf;
				ENABLE_STRICT_OBJC_MSGSEND = YES;
				ENABLE_TESTABILITY = YES;
				GCC_C_LANGUAGE_STANDARD = gnu11;
				GCC_DYNAMIC_NO_PIC = NO;
				GCC_NO_COMMON_BLOCKS = YES;
				GCC_OPTIMIZATION_LEVEL = 0;
				GCC_PREPROCESSOR_DEFINITIONS = (
					"DEBUG=1",
					"$(inherited)",
				);
				GCC_WARN_64_TO_32_BIT_CONVERSION = YES;
				GCC_WARN_ABOUT_RETURN_TYPE = YES_ERROR;
				GCC_WARN_UNDECLARED_SELECTOR = YES;
				GCC_WARN_UNINITIALIZED_AUTOS = YES_AGGRESSIVE;
				GCC_WARN_UNUSED_FUNCTION = YES;
				GCC_WARN_UNUSED_VARIABLE = YES;
				IPHONEOS_DEPLOYMENT_TARGET = 11.4;
				MTL_ENABLE_DEBUG_INFO = YES;
				ONLY_ACTIVE_ARCH = YES;
				SDKROOT = iphoneos;
				SWIFT_ACTIVE_COMPILATION_CONDITIONS = DEBUG;
				SWIFT_OPTIMIZATION_LEVEL = "-Onone";
			};
			name = Debug;
		};
		37850E6B20DE24C100BDA64A /* Release */ = {
			isa = XCBuildConfiguration;
			buildSettings = {
				ALWAYS_SEARCH_USER_PATHS = NO;
				CLANG_ANALYZER_NONNULL = YES;
				CLANG_ANALYZER_NUMBER_OBJECT_CONVERSION = YES_AGGRESSIVE;
				CLANG_CXX_LANGUAGE_STANDARD = "gnu++14";
				CLANG_CXX_LIBRARY = "libc++";
				CLANG_ENABLE_MODULES = YES;
				CLANG_ENABLE_OBJC_ARC = YES;
				CLANG_ENABLE_OBJC_WEAK = YES;
				CLANG_WARN_BLOCK_CAPTURE_AUTORELEASING = YES;
				CLANG_WARN_BOOL_CONVERSION = YES;
				CLANG_WARN_COMMA = YES;
				CLANG_WARN_CONSTANT_CONVERSION = YES;
				CLANG_WARN_DEPRECATED_OBJC_IMPLEMENTATIONS = YES;
				CLANG_WARN_DIRECT_OBJC_ISA_USAGE = YES_ERROR;
				CLANG_WARN_DOCUMENTATION_COMMENTS = YES;
				CLANG_WARN_EMPTY_BODY = YES;
				CLANG_WARN_ENUM_CONVERSION = YES;
				CLANG_WARN_INFINITE_RECURSION = YES;
				CLANG_WARN_INT_CONVERSION = YES;
				CLANG_WARN_NON_LITERAL_NULL_CONVERSION = YES;
				CLANG_WARN_OBJC_IMPLICIT_RETAIN_SELF = YES;
				CLANG_WARN_OBJC_LITERAL_CONVERSION = YES;
				CLANG_WARN_OBJC_ROOT_CLASS = YES_ERROR;
				CLANG_WARN_RANGE_LOOP_ANALYSIS = YES;
				CLANG_WARN_STRICT_PROTOTYPES = YES;
				CLANG_WARN_SUSPICIOUS_MOVE = YES;
				CLANG_WARN_UNGUARDED_AVAILABILITY = YES_AGGRESSIVE;
				CLANG_WARN_UNREACHABLE_CODE = YES;
				CLANG_WARN__DUPLICATE_METHOD_MATCH = YES;
				CODE_SIGN_IDENTITY = "iPhone Developer";
				COPY_PHASE_STRIP = NO;
				DEBUG_INFORMATION_FORMAT = "dwarf-with-dsym";
				ENABLE_NS_ASSERTIONS = NO;
				ENABLE_STRICT_OBJC_MSGSEND = YES;
				GCC_C_LANGUAGE_STANDARD = gnu11;
				GCC_NO_COMMON_BLOCKS = YES;
				GCC_WARN_64_TO_32_BIT_CONVERSION = YES;
				GCC_WARN_ABOUT_RETURN_TYPE = YES_ERROR;
				GCC_WARN_UNDECLARED_SELECTOR = YES;
				GCC_WARN_UNINITIALIZED_AUTOS = YES_AGGRESSIVE;
				GCC_WARN_UNUSED_FUNCTION = YES;
				GCC_WARN_UNUSED_VARIABLE = YES;
				IPHONEOS_DEPLOYMENT_TARGET = 11.4;
				MTL_ENABLE_DEBUG_INFO = NO;
				SDKROOT = iphoneos;
				SWIFT_COMPILATION_MODE = wholemodule;
				SWIFT_OPTIMIZATION_LEVEL = "-O";
				VALIDATE_PRODUCT = YES;
			};
			name = Release;
		};
		37850E6D20DE24C100BDA64A /* Debug */ = {
			isa = XCBuildConfiguration;
			buildSettings = {
				ASSETCATALOG_COMPILER_APPICON_NAME = AppIcon;
				CODE_SIGN_STYLE = Automatic;
				DEVELOPMENT_TEAM = F8XBDV79J6;
				INFOPLIST_FILE = "$(SRCROOT)/TravelerKit/SupportingFiles/Info.plist";
				LD_RUNPATH_SEARCH_PATHS = (
					"$(inherited)",
					"@executable_path/Frameworks",
				);
				PRODUCT_BUNDLE_IDENTIFIER = com.gregorydeknyf.TravelerKit;
				PRODUCT_NAME = "$(TARGET_NAME)";
				SWIFT_VERSION = 4.0;
				TARGETED_DEVICE_FAMILY = "1,2";
			};
			name = Debug;
		};
		37850E6E20DE24C100BDA64A /* Release */ = {
			isa = XCBuildConfiguration;
			buildSettings = {
				ASSETCATALOG_COMPILER_APPICON_NAME = AppIcon;
				CODE_SIGN_STYLE = Automatic;
				DEVELOPMENT_TEAM = F8XBDV79J6;
				INFOPLIST_FILE = "$(SRCROOT)/TravelerKit/SupportingFiles/Info.plist";
				LD_RUNPATH_SEARCH_PATHS = (
					"$(inherited)",
					"@executable_path/Frameworks",
				);
				PRODUCT_BUNDLE_IDENTIFIER = com.gregorydeknyf.TravelerKit;
				PRODUCT_NAME = "$(TARGET_NAME)";
				SWIFT_VERSION = 4.0;
				TARGETED_DEVICE_FAMILY = "1,2";
			};
			name = Release;
		};
		37850E7020DE24C100BDA64A /* Debug */ = {
			isa = XCBuildConfiguration;
			buildSettings = {
				ALWAYS_EMBED_SWIFT_STANDARD_LIBRARIES = YES;
				BUNDLE_LOADER = "$(TEST_HOST)";
				CLANG_ENABLE_MODULES = YES;
				CODE_SIGN_STYLE = Automatic;
				DEVELOPMENT_TEAM = F8XBDV79J6;
				INFOPLIST_FILE = TravelerKitTests/Info.plist;
				LD_RUNPATH_SEARCH_PATHS = (
					"$(inherited)",
					"@executable_path/Frameworks",
					"@loader_path/Frameworks",
				);
				PRODUCT_BUNDLE_IDENTIFIER = com.gregorydeknyf.TravelerKitTests;
				PRODUCT_NAME = "$(TARGET_NAME)";
				SWIFT_OPTIMIZATION_LEVEL = "-Onone";
				SWIFT_VERSION = 4.0;
				TARGETED_DEVICE_FAMILY = "1,2";
				TEST_HOST = "$(BUILT_PRODUCTS_DIR)/TravelerKit.app/TravelerKit";
			};
			name = Debug;
		};
		37850E7120DE24C100BDA64A /* Release */ = {
			isa = XCBuildConfiguration;
			buildSettings = {
				ALWAYS_EMBED_SWIFT_STANDARD_LIBRARIES = YES;
				BUNDLE_LOADER = "$(TEST_HOST)";
				CLANG_ENABLE_MODULES = YES;
				CODE_SIGN_STYLE = Automatic;
				DEVELOPMENT_TEAM = F8XBDV79J6;
				INFOPLIST_FILE = TravelerKitTests/Info.plist;
				LD_RUNPATH_SEARCH_PATHS = (
					"$(inherited)",
					"@executable_path/Frameworks",
					"@loader_path/Frameworks",
				);
				PRODUCT_BUNDLE_IDENTIFIER = com.gregorydeknyf.TravelerKitTests;
				PRODUCT_NAME = "$(TARGET_NAME)";
				SWIFT_VERSION = 4.0;
				TARGETED_DEVICE_FAMILY = "1,2";
				TEST_HOST = "$(BUILT_PRODUCTS_DIR)/TravelerKit.app/TravelerKit";
			};
			name = Release;
		};
/* End XCBuildConfiguration section */

/* Begin XCConfigurationList section */
		37850E4A20DE24BC00BDA64A /* Build configuration list for PBXProject "TravelerKit" */ = {
			isa = XCConfigurationList;
			buildConfigurations = (
				37850E6A20DE24C100BDA64A /* Debug */,
				37850E6B20DE24C100BDA64A /* Release */,
			);
			defaultConfigurationIsVisible = 0;
			defaultConfigurationName = Release;
		};
		37850E6C20DE24C100BDA64A /* Build configuration list for PBXNativeTarget "TravelerKit" */ = {
			isa = XCConfigurationList;
			buildConfigurations = (
				37850E6D20DE24C100BDA64A /* Debug */,
				37850E6E20DE24C100BDA64A /* Release */,
			);
			defaultConfigurationIsVisible = 0;
			defaultConfigurationName = Release;
		};
		37850E6F20DE24C100BDA64A /* Build configuration list for PBXNativeTarget "TravelerKitTests" */ = {
			isa = XCConfigurationList;
			buildConfigurations = (
				37850E7020DE24C100BDA64A /* Debug */,
				37850E7120DE24C100BDA64A /* Release */,
			);
			defaultConfigurationIsVisible = 0;
			defaultConfigurationName = Release;
		};
/* End XCConfigurationList section */
	};
	rootObject = 37850E4720DE24BC00BDA64A /* Project object */;
}
